
Microsoft Visual Studio Solution File, Format Version 12.00
# Visual Studio Version 16
VisualStudioVersion = 16.0.30204.135
MinimumVisualStudioVersion = 10.0.40219.1
Project("{9A19103F-16F7-4668-BE54-9A1E7A4F7556}") = "WorldGenWormPrototype", "WorldGenWormPrototype\WorldGenWormPrototype.csproj", "{112BC9B0-AA57-42DE-93B9-26C310C92DCB}"
EndProject
Global
	GlobalSection(SolutionConfigurationPlatforms) = preSolution
		Debug|Any CPU = Debug|Any CPU
		Release|Any CPU = Release|Any CPU
	EndGlobalSection
	GlobalSection(ProjectConfigurationPlatforms) = postSolution
		{112BC9B0-AA57-42DE-93B9-26C310C92DCB}.Debug|Any CPU.ActiveCfg = Debug|Any CPU
		{112BC9B0-AA57-42DE-93B9-26C310C92DCB}.Debug|Any CPU.Build.0 = Debug|Any CPU
		{112BC9B0-AA57-42DE-93B9-26C310C92DCB}.Release|Any CPU.ActiveCfg = Release|Any CPU
		{112BC9B0-AA57-42DE-93B9-26C310C92DCB}.Release|Any CPU.Build.0 = Release|Any CPU
	EndGlobalSection
	GlobalSection(SolutionProperties) = preSolution
		HideSolutionNode = FALSE
	EndGlobalSection
	GlobalSection(ExtensibilityGlobals) = postSolution
		SolutionGuid = {FACE564A-D51D-4529-9649-34830C73B971}
	EndGlobalSection
EndGlobal
